<?xml version="1.0" encoding="utf-8"?>
<Project ToolsVersion="4.0" xmlns="http://schemas.microsoft.com/developer/msbuild/2003">
  <ItemGroup>
    <Filter Include="Header Files">
      <UniqueIdentifier>{93995380-89BD-4b04-88EB-625FBE52EBFB}</UniqueIdentifier>
      <Extensions>h;hh;hpp;hxx;h++;hm;inl;inc;ipp;xsd</Extensions>
    </Filter>
    <Filter Include="Resource Files">
      <UniqueIdentifier>{67DA6AB6-F800-4c08-8B7A-83BB121AAD01}</UniqueIdentifier>
      <Extensions>rc;ico;cur;bmp;dlg;rc2;rct;bin;rgs;gif;jpg;jpeg;jpe;resx;tiff;tif;png;wav;mfcribbon-ms</Extensions>
    </Filter>
    <Filter Include="Source Files">
      <UniqueIdentifier>{4FC737F1-C7A5-4376-A066-2A32D752A2FF}</UniqueIdentifier>
      <Extensions>cpp;c;cc;cxx;c++;cppm;ixx;def;odl;idl;hpj;bat;asm;asmx</Extensions>
    </Filter>
  </ItemGroup>
  <ItemGroup>
    <ClCompile Include="main.c">
      <Filter>Source Files</Filter>
    </ClCompile>
    <ClCompile Include="AcceptingProcess.c">
      <Filter>Source Files</Filter>
    </ClCompile>
    <ClCompile Include="addoneSnapShot.c">
      <Filter>Source Files</Filter>
    </ClCompile>
    <ClCompile Include="20SnapShot.c">
      <Filter>Source Files</Filter>
    </ClCompile>
    <ClCompile Include="sortAmount.c">
      <Filter>Source Files</Filter>
    </ClCompile>
    <ClCompile Include="addProcess.c">
      <Filter>Source Files</Filter>
    </ClCompile>
    <ClCompile Include="checkDLL.c">
      <Filter>Source Files</Filter>
    </ClCompile>
    <ClCompile Include="uploadSnapToFile.c">
      <Filter>Source Files</Filter>
    </ClCompile>
    <ClCompile Include="loadSnapFromFile.c">
      <Filter>Source Files</Filter>
    </ClCompile>
    <ClCompile Include="resetCollectionsFile.c">
      <Filter>Source Files</Filter>
    </ClCompile>
    <ClCompile Include="typesFilesHeader.h">
      <Filter>Header Files</Filter>
    </ClCompile>
    <ClCompile Include="typesStructs.h">
      <Filter>Header Files</Filter>
    </ClCompile>
    <ClCompile Include="addDLL.c">
      <Filter>Source Files</Filter>
    </ClCompile>
    <ClCompile Include="headerMalloc.c">
      <Filter>Source Files</Filter>
    </ClCompile>
    <ClCompile Include="sortProcessDllCount.c">
      <Filter>Source Files</Filter>
    </ClCompile>
    <ClCompile Include="homePageHtml.c">
      <Filter>Source Files</Filter>
    </ClCompile>
    <ClCompile Include="readAndSaveFile.c">
      <Filter>Source Files</Filter>
    </ClCompile>
    <ClCompile Include="operationFunction.c">
      <Filter>Source Files</Filter>
    </ClCompile>
    <ClCompile Include="Save.c">
      <Filter>Source Files</Filter>
    </ClCompile>
    <ClCompile Include="checkReadFun.c">
      <Filter>Source Files</Filter>
    </ClCompile>
    <ClCompile Include="dictionaryFunctions.c">
      <Filter>Source Files</Filter>
    </ClCompile>
    <ClCompile Include="DP.c">
      <Filter>Source Files</Filter>
    </ClCompile>
  </ItemGroup>
  <ItemGroup>
    <ClInclude Include="libbb.h">
      <Filter>Header Files</Filter>
    </ClInclude>
    <ClInclude Include="oneSnapShot.h">
      <Filter>Header Files</Filter>
    </ClInclude>
    <ClInclude Include="structHeaderFunction.h">
      <Filter>Header Files</Filter>
    </ClInclude>
    <ClInclude Include="SnapShotList.h">
      <Filter>Header Files</Filter>
    </ClInclude>
    <ClInclude Include="AcceptingProcess.h">
      <Filter>Header Files</Filter>
    </ClInclude>
    <ClInclude Include="resetCollectionsFile.h">
      <Filter>Header Files</Filter>
    </ClInclude>
    <ClInclude Include="fileFunction.h">
      <Filter>Header Files</Filter>
    </ClInclude>
    <ClInclude Include="displayFunction.h">
      <Filter>Header Files</Filter>
    </ClInclude>
    <ClInclude Include="dictionaryFunctions.h">
      <Filter>Header Files</Filter>
    </ClInclude>
    <ClInclude Include="homePageHTML.h">
      <Filter>Source Files</Filter>
    </ClInclude>
    <ClInclude Include="operationFunction.h">
      <Filter>Source Files</Filter>
    </ClInclude>
    <ClInclude Include="nnnnnn.h">
      <Filter>Header Files</Filter>
    </ClInclude>
  </ItemGroup>
  <ItemGroup>
    <None Include="HTML\index.html" />
    <None Include="HTML\index2.html" />
    <None Include="HTML\CSS\index.css" />
    <None Include="HTML\CSS\index2.css" />
  </ItemGroup>
</Project>